// !$*UTF8*$!
{
	archiveVersion = 1;
	classes = {
	};
	objectVersion = 56;
	objects = {

/* Begin PBXBuildFile section */
		3561867E2976DB0800655566 /* AppDelegate.swift in Sources */ = {isa = PBXBuildFile; fileRef = 3561867D2976DB0800655566 /* AppDelegate.swift */; };
		356186802976DB0800655566 /* SceneDelegate.swift in Sources */ = {isa = PBXBuildFile; fileRef = 3561867F2976DB0800655566 /* SceneDelegate.swift */; };
		356186822976DB0800655566 /* ViewController.swift in Sources */ = {isa = PBXBuildFile; fileRef = 356186812976DB0800655566 /* ViewController.swift */; };
		356186872976DB0900655566 /* Assets.xcassets in Resources */ = {isa = PBXBuildFile; fileRef = 356186862976DB0900655566 /* Assets.xcassets */; };
		3561868A2976DB0900655566 /* LaunchScreen.storyboard in Resources */ = {isa = PBXBuildFile; fileRef = 356186882976DB0900655566 /* LaunchScreen.storyboard */; };
		3561869629770C3700655566 /* SnapKit in Frameworks */ = {isa = PBXBuildFile; productRef = 3561869529770C3700655566 /* SnapKit */; };
/* End PBXBuildFile section */

/* Begin PBXFileReference section */
		3561867A2976DB0800655566 /* IOS-8-HW-12-Sventskiy Stanislav.app */ = {isa = PBXFileReference; explicitFileType = wrapper.application; includeInIndex = 0; path = "IOS-8-HW-12-Sventskiy Stanislav.app"; sourceTree = BUILT_PRODUCTS_DIR; };
		3561867D2976DB0800655566 /* AppDelegate.swift */ = {isa = PBXFileReference; lastKnownFileType = sourcecode.swift; path = AppDelegate.swift; sourceTree = "<group>"; };
		3561867F2976DB0800655566 /* SceneDelegate.swift */ = {isa = PBXFileReference; lastKnownFileType = sourcecode.swift; path = SceneDelegate.swift; sourceTree = "<group>"; };
		356186812976DB0800655566 /* ViewController.swift */ = {isa = PBXFileReference; lastKnownFileType = sourcecode.swift; path = ViewController.swift; sourceTree = "<group>"; };
		356186862976DB0900655566 /* Assets.xcassets */ = {isa = PBXFileReference; lastKnownFileType = folder.assetcatalog; path = Assets.xcassets; sourceTree = "<group>"; };
		356186892976DB0900655566 /* Base */ = {isa = PBXFileReference; lastKnownFileType = file.storyboard; name = Base; path = Base.lproj/LaunchScreen.storyboard; sourceTree = "<group>"; };
		3561868B2976DB0900655566 /* Info.plist */ = {isa = PBXFileReference; lastKnownFileType = text.plist.xml; path = Info.plist; sourceTree = "<group>"; };
/* End PBXFileReference section */

/* Begin PBXFrameworksBuildPhase section */
		356186772976DB0800655566 /* Frameworks */ = {
			isa = PBXFrameworksBuildPhase;
			buildActionMask = 2147483647;
			files = (
				3561869629770C3700655566 /* SnapKit in Frameworks */,
			);
			runOnlyForDeploymentPostprocessing = 0;
		};
/* End PBXFrameworksBuildPhase section */

/* Begin PBXGroup section */
		356186712976DB0800655566 = {
			isa = PBXGroup;
			children = (
				3561867C2976DB0800655566 /* IOS-8-HW-12-Sventskiy Stanislav */,
				3561867B2976DB0800655566 /* Products */,
			);
			sourceTree = "<group>";
		};
		3561867B2976DB0800655566 /* Products */ = {
			isa = PBXGroup;
			children = (
				3561867A2976DB0800655566 /* IOS-8-HW-12-Sventskiy Stanislav.app */,
			);
			name = Products;
			sourceTree = "<group>";
		};
		3561867C2976DB0800655566 /* IOS-8-HW-12-Sventskiy Stanislav */ = {
			isa = PBXGroup;
			children = (
				356186922976EEEE00655566 /* Resources */,
				356186912976EEB500655566 /* Sources */,
			);
			path = "IOS-8-HW-12-Sventskiy Stanislav";
			sourceTree = "<group>";
		};
		356186912976EEB500655566 /* Sources */ = {
			isa = PBXGroup;
			children = (
				356186932976EF7500655566 /* App */,
				356186812976DB0800655566 /* ViewController.swift */,
			);
			path = Sources;
			sourceTree = "<group>";
		};
		356186922976EEEE00655566 /* Resources */ = {
			isa = PBXGroup;
			children = (
				356186862976DB0900655566 /* Assets.xcassets */,
				356186882976DB0900655566 /* LaunchScreen.storyboard */,
				3561868B2976DB0900655566 /* Info.plist */,
			);
			path = Resources;
			sourceTree = "<group>";
		};
		356186932976EF7500655566 /* App */ = {
			isa = PBXGroup;
			children = (
				3561867D2976DB0800655566 /* AppDelegate.swift */,
				3561867F2976DB0800655566 /* SceneDelegate.swift */,
			);
			path = App;
			sourceTree = "<group>";
		};
/* End PBXGroup section */

/* Begin PBXNativeTarget section */
		356186792976DB0800655566 /* IOS-8-HW-12-Sventskiy Stanislav */ = {
			isa = PBXNativeTarget;
			buildConfigurationList = 3561868E2976DB0900655566 /* Build configuration list for PBXNativeTarget "IOS-8-HW-12-Sventskiy Stanislav" */;
			buildPhases = (
				356186762976DB0800655566 /* Sources */,
				356186772976DB0800655566 /* Frameworks */,
				356186782976DB0800655566 /* Resources */,
			);
			buildRules = (
			);
			dependencies = (
			);
			name = "IOS-8-HW-12-Sventskiy Stanislav";
			packageProductDependencies = (
				3561869529770C3700655566 /* SnapKit */,
			);
			productName = "IOS-8-HW-12-Sventskiy Stanislav";
			productReference = 3561867A2976DB0800655566 /* IOS-8-HW-12-Sventskiy Stanislav.app */;
			productType = "com.apple.product-type.application";
		};
/* End PBXNativeTarget section */

/* Begin PBXProject section */
		356186722976DB0800655566 /* Project object */ = {
			isa = PBXProject;
			attributes = {
				BuildIndependentTargetsInParallel = 1;
				LastSwiftUpdateCheck = 1420;
				LastUpgradeCheck = 1420;
				TargetAttributes = {
					356186792976DB0800655566 = {
						CreatedOnToolsVersion = 14.2;
					};
				};
			};
			buildConfigurationList = 356186752976DB0800655566 /* Build configuration list for PBXProject "IOS-8-HW-12-Sventskiy Stanislav" */;
			compatibilityVersion = "Xcode 14.0";
			developmentRegion = en;
			hasScannedForEncodings = 0;
			knownRegions = (
				en,
				Base,
			);
			mainGroup = 356186712976DB0800655566;
			packageReferences = (
				3561869429770C3700655566 /* XCRemoteSwiftPackageReference "SnapKit" */,
			);
			productRefGroup = 3561867B2976DB0800655566 /* Products */;
			projectDirPath = "";
			projectRoot = "";
			targets = (
				356186792976DB0800655566 /* IOS-8-HW-12-Sventskiy Stanislav */,
			);
		};
/* End PBXProject section */

/* Begin PBXResourcesBuildPhase section */
		356186782976DB0800655566 /* Resources */ = {
			isa = PBXResourcesBuildPhase;
			buildActionMask = 2147483647;
			files = (
				3561868A2976DB0900655566 /* LaunchScreen.storyboard in Resources */,
				356186872976DB0900655566 /* Assets.xcassets in Resources */,
			);
			runOnlyForDeploymentPostprocessing = 0;
		};
/* End PBXResourcesBuildPhase section */

/* Begin PBXSourcesBuildPhase section */
		356186762976DB0800655566 /* Sources */ = {
			isa = PBXSourcesBuildPhase;
			buildActionMask = 2147483647;
			files = (
				356186822976DB0800655566 /* ViewController.swift in Sources */,
				3561867E2976DB0800655566 /* AppDelegate.swift in Sources */,
				356186802976DB0800655566 /* SceneDelegate.swift in Sources */,
			);
			runOnlyForDeploymentPostprocessing = 0;
		};
/* End PBXSourcesBuildPhase section */

/* Begin PBXVariantGroup section */
		356186882976DB0900655566 /* LaunchScreen.storyboard */ = {
			isa = PBXVariantGroup;
			children = (
				356186892976DB0900655566 /* Base */,
			);
			name = LaunchScreen.storyboard;
			sourceTree = "<group>";
		};
/* End PBXVariantGroup section */

/* Begin XCBuildConfiguration section */
		3561868C2976DB0900655566 /* Debug */ = {
			isa = XCBuildConfiguration;
			buildSettings = {
				ALWAYS_SEARCH_USER_PATHS = NO;
				CLANG_ANALYZER_NONNULL = YES;
				CLANG_ANALYZER_NUMBER_OBJECT_CONVERSION = YES_AGGRESSIVE;
				CLANG_CXX_LANGUAGE_STANDARD = "gnu++20";
				CLANG_ENABLE_MODULES = YES;
				CLANG_ENABLE_OBJC_ARC = YES;
				CLANG_ENABLE_OBJC_WEAK = YES;
				CLANG_WARN_BLOCK_CAPTURE_AUTORELEASING = YES;
				CLANG_WARN_BOOL_CONVERSION = YES;
				CLANG_WARN_COMMA = YES;
				CLANG_WARN_CONSTANT_CONVERSION = YES;
				CLANG_WARN_DEPRECATED_OBJC_IMPLEMENTATIONS = YES;
				CLANG_WARN_DIRECT_OBJC_ISA_USAGE = YES_ERROR;
				CLANG_WARN_DOCUMENTATION_COMMENTS = YES;
				CLANG_WARN_EMPTY_BODY = YES;
				CLANG_WARN_ENUM_CONVERSION = YES;
				CLANG_WARN_INFINITE_RECURSION = YES;
				CLANG_WARN_INT_CONVERSION = YES;
				CLANG_WARN_NON_LITERAL_NULL_CONVERSION = YES;
				CLANG_WARN_OBJC_IMPLICIT_RETAIN_SELF = YES;
				CLANG_WARN_OBJC_LITERAL_CONVERSION = YES;
				CLANG_WARN_OBJC_ROOT_CLASS = YES_ERROR;
				CLANG_WARN_QUOTED_INCLUDE_IN_FRAMEWORK_HEADER = YES;
				CLANG_WARN_RANGE_LOOP_ANALYSIS = YES;
				CLANG_WARN_STRICT_PROTOTYPES = YES;
				CLANG_WARN_SUSPICIOUS_MOVE = YES;
				CLANG_WARN_UNGUARDED_AVAILABILITY = YES_AGGRESSIVE;
				CLANG_WARN_UNREACHABLE_CODE = YES;
				CLANG_WARN__DUPLICATE_METHOD_MATCH = YES;
				COPY_PHASE_STRIP = NO;
				DEBUG_INFORMATION_FORMAT = dwarf;
				ENABLE_STRICT_OBJC_MSGSEND = YES;
				ENABLE_TESTABILITY = YES;
				GCC_C_LANGUAGE_STANDARD = gnu11;
				GCC_DYNAMIC_NO_PIC = NO;
				GCC_NO_COMMON_BLOCKS = YES;
				GCC_OPTIMIZATION_LEVEL = 0;
				GCC_PREPROCESSOR_DEFINITIONS = (
					"DEBUG=1",
					"$(inherited)",
				);
				GCC_WARN_64_TO_32_BIT_CONVERSION = YES;
				GCC_WARN_ABOUT_RETURN_TYPE = YES_ERROR;
				GCC_WARN_UNDECLARED_SELECTOR = YES;
				GCC_WARN_UNINITIALIZED_AUTOS = YES_AGGRESSIVE;
				GCC_WARN_UNUSED_FUNCTION = YES;
				GCC_WARN_UNUSED_VARIABLE = YES;
				IPHONEOS_DEPLOYMENT_TARGET = 16.2;
				MTL_ENABLE_DEBUG_INFO = INCLUDE_SOURCE;
				MTL_FAST_MATH = YES;
				ONLY_ACTIVE_ARCH = YES;
				SDKROOT = iphoneos;
				SWIFT_ACTIVE_COMPILATION_CONDITIONS = DEBUG;
				SWIFT_OPTIMIZATION_LEVEL = "-Onone";
			};
			name = Debug;
		};
		3561868D2976DB0900655566 /* Release */ = {
			isa = XCBuildConfiguration;
			buildSettings = {
				ALWAYS_SEARCH_USER_PATHS = NO;
				CLANG_ANALYZER_NONNULL = YES;
				CLANG_ANALYZER_NUMBER_OBJECT_CONVERSION = YES_AGGRESSIVE;
				CLANG_CXX_LANGUAGE_STANDARD = "gnu++20";
				CLANG_ENABLE_MODULES = YES;
				CLANG_ENABLE_OBJC_ARC = YES;
				CLANG_ENABLE_OBJC_WEAK = YES;
				CLANG_WARN_BLOCK_CAPTURE_AUTORELEASING = YES;
				CLANG_WARN_BOOL_CONVERSION = YES;
				CLANG_WARN_COMMA = YES;
				CLANG_WARN_CONSTANT_CONVERSION = YES;
				CLANG_WARN_DEPRECATED_OBJC_IMPLEMENTATIONS = YES;
				CLANG_WARN_DIRECT_OBJC_ISA_USAGE = YES_ERROR;
				CLANG_WARN_DOCUMENTATION_COMMENTS = YES;
				CLANG_WARN_EMPTY_BODY = YES;
				CLANG_WARN_ENUM_CONVERSION = YES;
				CLANG_WARN_INFINITE_RECURSION = YES;
				CLANG_WARN_INT_CONVERSION = YES;
				CLANG_WARN_NON_LITERAL_NULL_CONVERSION = YES;
				CLANG_WARN_OBJC_IMPLICIT_RETAIN_SELF = YES;
				CLANG_WARN_OBJC_LITERAL_CONVERSION = YES;
				CLANG_WARN_OBJC_ROOT_CLASS = YES_ERROR;
				CLANG_WARN_QUOTED_INCLUDE_IN_FRAMEWORK_HEADER = YES;
				CLANG_WARN_RANGE_LOOP_ANALYSIS = YES;
				CLANG_WARN_STRICT_PROTOTYPES = YES;
				CLANG_WARN_SUSPICIOUS_MOVE = YES;
				CLANG_WARN_UNGUARDED_AVAILABILITY = YES_AGGRESSIVE;
				CLANG_WARN_UNREACHABLE_CODE = YES;
				CLANG_WARN__DUPLICATE_METHOD_MATCH = YES;
				COPY_PHASE_STRIP = NO;
				DEBUG_INFORMATION_FORMAT = "dwarf-with-dsym";
				ENABLE_NS_ASSERTIONS = NO;
				ENABLE_STRICT_OBJC_MSGSEND = YES;
				GCC_C_LANGUAGE_STANDARD = gnu11;
				GCC_NO_COMMON_BLOCKS = YES;
				GCC_WARN_64_TO_32_BIT_CONVERSION = YES;
				GCC_WARN_ABOUT_RETURN_TYPE = YES_ERROR;
				GCC_WARN_UNDECLARED_SELECTOR = YES;
				GCC_WARN_UNINITIALIZED_AUTOS = YES_AGGRESSIVE;
				GCC_WARN_UNUSED_FUNCTION = YES;
				GCC_WARN_UNUSED_VARIABLE = YES;
				IPHONEOS_DEPLOYMENT_TARGET = 16.2;
				MTL_ENABLE_DEBUG_INFO = NO;
				MTL_FAST_MATH = YES;
				SDKROOT = iphoneos;
				SWIFT_COMPILATION_MODE = wholemodule;
				SWIFT_OPTIMIZATION_LEVEL = "-O";
				VALIDATE_PRODUCT = YES;
			};
			name = Release;
		};
		3561868F2976DB0900655566 /* Debug */ = {
			isa = XCBuildConfiguration;
			buildSettings = {
				ASSETCATALOG_COMPILER_APPICON_NAME = AppIcon;
				ASSETCATALOG_COMPILER_GLOBAL_ACCENT_COLOR_NAME = AccentColor;
				CODE_SIGN_STYLE = Automatic;
				CURRENT_PROJECT_VERSION = 1;
				DEVELOPMENT_TEAM = AD543TC98K;
				GENERATE_INFOPLIST_FILE = YES;
				INFOPLIST_FILE = "IOS-8-HW-12-Sventskiy Stanislav/Resources/Info.plist";
				INFOPLIST_KEY_UIApplicationSupportsIndirectInputEvents = YES;
				INFOPLIST_KEY_UILaunchStoryboardName = LaunchScreen;
				INFOPLIST_KEY_UISupportedInterfaceOrientations_iPad = "UIInterfaceOrientationPortrait UIInterfaceOrientationPortraitUpsideDown UIInterfaceOrientationLandscapeLeft UIInterfaceOrientationLandscapeRight";
				INFOPLIST_KEY_UISupportedInterfaceOrientations_iPhone = "UIInterfaceOrientationPortrait UIInterfaceOrientationLandscapeLeft UIInterfaceOrientationLandscapeRight";
				IPHONEOS_DEPLOYMENT_TARGET = 14.0;
				LD_RUNPATH_SEARCH_PATHS = (
					"$(inherited)",
					"@executable_path/Frameworks",
				);
				MARKETING_VERSION = 1.0;
				PRODUCT_BUNDLE_IDENTIFIER = "Stanislav-Sventskiy.IOS-8-HW-12-Sventskiy-Stanislav";
				PRODUCT_NAME = "$(TARGET_NAME)";
				SWIFT_EMIT_LOC_STRINGS = YES;
				SWIFT_VERSION = 5.0;
				TARGETED_DEVICE_FAMILY = "1,2";
			};
			name = Debug;
		};
		356186902976DB0900655566 /* Release */ = {
			isa = XCBuildConfiguration;
			buildSettings = {
				ASSETCATALOG_COMPILER_APPICON_NAME = AppIcon;
				ASSETCATALOG_COMPILER_GLOBAL_ACCENT_COLOR_NAME = AccentColor;
				CODE_SIGN_STYLE = Automatic;
				CURRENT_PROJECT_VERSION = 1;
				DEVELOPMENT_TEAM = AD543TC98K;
				GENERATE_INFOPLIST_FILE = YES;
				INFOPLIST_FILE = "IOS-8-HW-12-Sventskiy Stanislav/Resources/Info.plist";
				INFOPLIST_KEY_UIApplicationSupportsIndirectInputEvents = YES;
				INFOPLIST_KEY_UILaunchStoryboardName = LaunchScreen;
				INFOPLIST_KEY_UISupportedInterfaceOrientations_iPad = "UIInterfaceOrientationPortrait UIInterfaceOrientationPortraitUpsideDown UIInterfaceOrientationLandscapeLeft UIInterfaceOrientationLandscapeRight";
				INFOPLIST_KEY_UISupportedInterfaceOrientations_iPhone = "UIInterfaceOrientationPortrait UIInterfaceOrientationLandscapeLeft UIInterfaceOrientationLandscapeRight";
				IPHONEOS_DEPLOYMENT_TARGET = 14.0;
				LD_RUNPATH_SEARCH_PATHS = (
					"$(inherited)",
					"@executable_path/Frameworks",
				);
				MARKETING_VERSION = 1.0;
				PRODUCT_BUNDLE_IDENTIFIER = "Stanislav-Sventskiy.IOS-8-HW-12-Sventskiy-Stanislav";
				PRODUCT_NAME = "$(TARGET_NAME)";
				SWIFT_EMIT_LOC_STRINGS = YES;
				SWIFT_VERSION = 5.0;
				TARGETED_DEVICE_FAMILY = "1,2";
			};
			name = Release;
		};
/* End XCBuildConfiguration section */

/* Begin XCConfigurationList section */
		356186752976DB0800655566 /* Build configuration list for PBXProject "IOS-8-HW-12-Sventskiy Stanislav" */ = {
			isa = XCConfigurationList;
			buildConfigurations = (
				3561868C2976DB0900655566 /* Debug */,
				3561868D2976DB0900655566 /* Release */,
			);
			defaultConfigurationIsVisible = 0;
			defaultConfigurationName = Release;
		};
		3561868E2976DB0900655566 /* Build configuration list for PBXNativeTarget "IOS-8-HW-12-Sventskiy Stanislav" */ = {
			isa = XCConfigurationList;
			buildConfigurations = (
				3561868F2976DB0900655566 /* Debug */,
				356186902976DB0900655566 /* Release */,
			);
			defaultConfigurationIsVisible = 0;
			defaultConfigurationName = Release;
		};
/* End XCConfigurationList section */

/* Begin XCRemoteSwiftPackageReference section */
		3561869429770C3700655566 /* XCRemoteSwiftPackageReference "SnapKit" */ = {
			isa = XCRemoteSwiftPackageReference;
			repositoryURL = "https://github.com/SnapKit/SnapKit.git";
			requirement = {
				kind = upToNextMajorVersion;
				minimumVersion = 5.0.1;
			};
		};
/* End XCRemoteSwiftPackageReference section */

/* Begin XCSwiftPackageProductDependency section */
		3561869529770C3700655566 /* SnapKit */ = {
			isa = XCSwiftPackageProductDependency;
			package = 3561869429770C3700655566 /* XCRemoteSwiftPackageReference "SnapKit" */;
			productName = SnapKit;
		};
/* End XCSwiftPackageProductDependency section */
	};
	rootObject = 356186722976DB0800655566 /* Project object */;
}
